
Microsoft Visual Studio Solution File, Format Version 12.00
# Visual Studio Version 17
VisualStudioVersion = 17.9.34728.123
MinimumVisualStudioVersion = 10.0.40219.1
Project("{2150E333-8FDC-42A3-9474-1A3956D46DE8}") = "src", "src", "{A5A80253-8783-4E00-80BA-97459E523811}"
EndProject
Project("{2150E333-8FDC-42A3-9474-1A3956D46DE8}") = "tests", "tests", "{CAB5E4DA-4B87-4355-995B-2EA9B1C06C2A}"
EndProject
Project("{9A19103F-16F7-4668-BE54-9A1E7A4F7556}") = "OrangeBranchTaskManager.Api", "src\OrangeBranchTaskManager.Api\OrangeBranchTaskManager.Api.csproj", "{8639D9C1-21FA-47CF-AB7F-B0647050DED9}"
EndProject
Project("{9A19103F-16F7-4668-BE54-9A1E7A4F7556}") = "OrangeBranchTaskManager.Application", "src\OrangeBranchTaskManager.Application\OrangeBranchTaskManager.Application.csproj", "{CB7F71AD-FF1C-45EA-958B-2691B4FD49EA}"
EndProject
Project("{9A19103F-16F7-4668-BE54-9A1E7A4F7556}") = "OrangeBranchTaskManager.Communication", "src\OrangeBranchTaskManager.Communication\OrangeBranchTaskManager.Communication.csproj", "{2820C015-9474-4FEF-9314-C89C38BF9256}"
EndProject
Project("{9A19103F-16F7-4668-BE54-9A1E7A4F7556}") = "OrangeBranchTaskManager.Domain", "src\OrangeBranchTaskManager.Domain\OrangeBranchTaskManager.Domain.csproj", "{A7B3EFF9-11D4-4D1E-81AD-E4BF4B3FDB73}"
EndProject
Project("{9A19103F-16F7-4668-BE54-9A1E7A4F7556}") = "OrangeBranchTaskManager.Exception", "src\OrangeBranchTaskManager.Exception\OrangeBranchTaskManager.Exception.csproj", "{3667C526-1DED-4B4E-9819-261FBD0AD225}"
EndProject
Project("{9A19103F-16F7-4668-BE54-9A1E7A4F7556}") = "OrangeBranchTaskManager.Infrastructure", "src\OrangeBranchTaskManager.Infrastructure\OrangeBranchTaskManager.Infrastructure.csproj", "{D88E936B-CF20-4039-AE78-AB356DB63B27}"
EndProject
Project("{2150E333-8FDC-42A3-9474-1A3956D46DE8}") = "emailing", "emailing", "{2E535F57-E2C7-43B7-9033-A88D3E2F9AD7}"
EndProject
Project("{9A19103F-16F7-4668-BE54-9A1E7A4F7556}") = "Producer.API", "src\Producer.API\Producer.API.csproj", "{81CE6F4E-D24B-404A-BD07-A72F6839A437}"
EndProject
Project("{9A19103F-16F7-4668-BE54-9A1E7A4F7556}") = "Emailing.Application", "emailing\Emailing.Application\Emailing.Application.csproj", "{D7624DA8-9E32-4049-ABDF-B07EDAA2B035}"
EndProject
Project("{9A19103F-16F7-4668-BE54-9A1E7A4F7556}") = "Emailing.Domain", "emailing\Emailing.Domain\Emailing.Domain.csproj", "{CB6B3FD6-9490-4C5B-9676-4E9E8005FF83}"
EndProject
Project("{9A19103F-16F7-4668-BE54-9A1E7A4F7556}") = "Emailing.Worker", "emailing\Emailing.Worker\Emailing.Worker.csproj", "{D5314354-9A97-4C5E-AC55-D791ECEA9C7D}"
EndProject
Project("{9A19103F-16F7-4668-BE54-9A1E7A4F7556}") = "Emailing.Communication", "emailing\Emailing.Communication\Emailing.Communication.csproj", "{364224B9-D34B-4F79-AB07-2757FCA6E5A0}"
EndProject
Project("{FAE04EC0-301F-11D3-BF4B-00C04F79EFBC}") = "OrangeBranchTaskManager.Application.Tests", "tests\OrangeBranchTaskManager.Application.Tests\OrangeBranchTaskManager.Application.Tests.csproj", "{F2FDDD99-50B0-4639-B177-09479EF0AFDC}"
EndProject
Global
	GlobalSection(SolutionConfigurationPlatforms) = preSolution
		Debug|Any CPU = Debug|Any CPU
		Release|Any CPU = Release|Any CPU
	EndGlobalSection
	GlobalSection(ProjectConfigurationPlatforms) = postSolution
		{8639D9C1-21FA-47CF-AB7F-B0647050DED9}.Debug|Any CPU.ActiveCfg = Debug|Any CPU
		{8639D9C1-21FA-47CF-AB7F-B0647050DED9}.Debug|Any CPU.Build.0 = Debug|Any CPU
		{8639D9C1-21FA-47CF-AB7F-B0647050DED9}.Release|Any CPU.ActiveCfg = Release|Any CPU
		{8639D9C1-21FA-47CF-AB7F-B0647050DED9}.Release|Any CPU.Build.0 = Release|Any CPU
		{CB7F71AD-FF1C-45EA-958B-2691B4FD49EA}.Debug|Any CPU.ActiveCfg = Debug|Any CPU
		{CB7F71AD-FF1C-45EA-958B-2691B4FD49EA}.Debug|Any CPU.Build.0 = Debug|Any CPU
		{CB7F71AD-FF1C-45EA-958B-2691B4FD49EA}.Release|Any CPU.ActiveCfg = Release|Any CPU
		{CB7F71AD-FF1C-45EA-958B-2691B4FD49EA}.Release|Any CPU.Build.0 = Release|Any CPU
		{2820C015-9474-4FEF-9314-C89C38BF9256}.Debug|Any CPU.ActiveCfg = Debug|Any CPU
		{2820C015-9474-4FEF-9314-C89C38BF9256}.Debug|Any CPU.Build.0 = Debug|Any CPU
		{2820C015-9474-4FEF-9314-C89C38BF9256}.Release|Any CPU.ActiveCfg = Release|Any CPU
		{2820C015-9474-4FEF-9314-C89C38BF9256}.Release|Any CPU.Build.0 = Release|Any CPU
		{A7B3EFF9-11D4-4D1E-81AD-E4BF4B3FDB73}.Debug|Any CPU.ActiveCfg = Debug|Any CPU
		{A7B3EFF9-11D4-4D1E-81AD-E4BF4B3FDB73}.Debug|Any CPU.Build.0 = Debug|Any CPU
		{A7B3EFF9-11D4-4D1E-81AD-E4BF4B3FDB73}.Release|Any CPU.ActiveCfg = Release|Any CPU
		{A7B3EFF9-11D4-4D1E-81AD-E4BF4B3FDB73}.Release|Any CPU.Build.0 = Release|Any CPU
		{3667C526-1DED-4B4E-9819-261FBD0AD225}.Debug|Any CPU.ActiveCfg = Debug|Any CPU
		{3667C526-1DED-4B4E-9819-261FBD0AD225}.Debug|Any CPU.Build.0 = Debug|Any CPU
		{3667C526-1DED-4B4E-9819-261FBD0AD225}.Release|Any CPU.ActiveCfg = Release|Any CPU
		{3667C526-1DED-4B4E-9819-261FBD0AD225}.Release|Any CPU.Build.0 = Release|Any CPU
		{D88E936B-CF20-4039-AE78-AB356DB63B27}.Debug|Any CPU.ActiveCfg = Debug|Any CPU
		{D88E936B-CF20-4039-AE78-AB356DB63B27}.Debug|Any CPU.Build.0 = Debug|Any CPU
		{D88E936B-CF20-4039-AE78-AB356DB63B27}.Release|Any CPU.ActiveCfg = Release|Any CPU
		{D88E936B-CF20-4039-AE78-AB356DB63B27}.Release|Any CPU.Build.0 = Release|Any CPU
		{81CE6F4E-D24B-404A-BD07-A72F6839A437}.Debug|Any CPU.ActiveCfg = Debug|Any CPU
		{81CE6F4E-D24B-404A-BD07-A72F6839A437}.Debug|Any CPU.Build.0 = Debug|Any CPU
		{81CE6F4E-D24B-404A-BD07-A72F6839A437}.Release|Any CPU.ActiveCfg = Release|Any CPU
		{81CE6F4E-D24B-404A-BD07-A72F6839A437}.Release|Any CPU.Build.0 = Release|Any CPU
		{D7624DA8-9E32-4049-ABDF-B07EDAA2B035}.Debug|Any CPU.ActiveCfg = Debug|Any CPU
		{D7624DA8-9E32-4049-ABDF-B07EDAA2B035}.Debug|Any CPU.Build.0 = Debug|Any CPU
		{D7624DA8-9E32-4049-ABDF-B07EDAA2B035}.Release|Any CPU.ActiveCfg = Release|Any CPU
		{D7624DA8-9E32-4049-ABDF-B07EDAA2B035}.Release|Any CPU.Build.0 = Release|Any CPU
		{CB6B3FD6-9490-4C5B-9676-4E9E8005FF83}.Debug|Any CPU.ActiveCfg = Debug|Any CPU
		{CB6B3FD6-9490-4C5B-9676-4E9E8005FF83}.Debug|Any CPU.Build.0 = Debug|Any CPU
		{CB6B3FD6-9490-4C5B-9676-4E9E8005FF83}.Release|Any CPU.ActiveCfg = Release|Any CPU
		{CB6B3FD6-9490-4C5B-9676-4E9E8005FF83}.Release|Any CPU.Build.0 = Release|Any CPU
		{D5314354-9A97-4C5E-AC55-D791ECEA9C7D}.Debug|Any CPU.ActiveCfg = Debug|Any CPU
		{D5314354-9A97-4C5E-AC55-D791ECEA9C7D}.Debug|Any CPU.Build.0 = Debug|Any CPU
		{D5314354-9A97-4C5E-AC55-D791ECEA9C7D}.Release|Any CPU.ActiveCfg = Release|Any CPU
		{D5314354-9A97-4C5E-AC55-D791ECEA9C7D}.Release|Any CPU.Build.0 = Release|Any CPU
		{364224B9-D34B-4F79-AB07-2757FCA6E5A0}.Debug|Any CPU.ActiveCfg = Debug|Any CPU
		{364224B9-D34B-4F79-AB07-2757FCA6E5A0}.Debug|Any CPU.Build.0 = Debug|Any CPU
		{364224B9-D34B-4F79-AB07-2757FCA6E5A0}.Release|Any CPU.ActiveCfg = Release|Any CPU
		{364224B9-D34B-4F79-AB07-2757FCA6E5A0}.Release|Any CPU.Build.0 = Release|Any CPU
		{F2FDDD99-50B0-4639-B177-09479EF0AFDC}.Debug|Any CPU.ActiveCfg = Debug|Any CPU
		{F2FDDD99-50B0-4639-B177-09479EF0AFDC}.Debug|Any CPU.Build.0 = Debug|Any CPU
		{F2FDDD99-50B0-4639-B177-09479EF0AFDC}.Release|Any CPU.ActiveCfg = Release|Any CPU
		{F2FDDD99-50B0-4639-B177-09479EF0AFDC}.Release|Any CPU.Build.0 = Release|Any CPU
	EndGlobalSection
	GlobalSection(SolutionProperties) = preSolution
		HideSolutionNode = FALSE
	EndGlobalSection
	GlobalSection(NestedProjects) = preSolution
		{8639D9C1-21FA-47CF-AB7F-B0647050DED9} = {A5A80253-8783-4E00-80BA-97459E523811}
		{CB7F71AD-FF1C-45EA-958B-2691B4FD49EA} = {A5A80253-8783-4E00-80BA-97459E523811}
		{2820C015-9474-4FEF-9314-C89C38BF9256} = {A5A80253-8783-4E00-80BA-97459E523811}
		{A7B3EFF9-11D4-4D1E-81AD-E4BF4B3FDB73} = {A5A80253-8783-4E00-80BA-97459E523811}
		{3667C526-1DED-4B4E-9819-261FBD0AD225} = {A5A80253-8783-4E00-80BA-97459E523811}
		{D88E936B-CF20-4039-AE78-AB356DB63B27} = {A5A80253-8783-4E00-80BA-97459E523811}
		{81CE6F4E-D24B-404A-BD07-A72F6839A437} = {A5A80253-8783-4E00-80BA-97459E523811}
		{D7624DA8-9E32-4049-ABDF-B07EDAA2B035} = {2E535F57-E2C7-43B7-9033-A88D3E2F9AD7}
		{CB6B3FD6-9490-4C5B-9676-4E9E8005FF83} = {2E535F57-E2C7-43B7-9033-A88D3E2F9AD7}
		{D5314354-9A97-4C5E-AC55-D791ECEA9C7D} = {2E535F57-E2C7-43B7-9033-A88D3E2F9AD7}
		{364224B9-D34B-4F79-AB07-2757FCA6E5A0} = {2E535F57-E2C7-43B7-9033-A88D3E2F9AD7}
		{F2FDDD99-50B0-4639-B177-09479EF0AFDC} = {CAB5E4DA-4B87-4355-995B-2EA9B1C06C2A}
	EndGlobalSection
	GlobalSection(ExtensibilityGlobals) = postSolution
		SolutionGuid = {81BC7922-9C01-4ECB-BB77-12F2CD419F91}
	EndGlobalSection
EndGlobal
